
Microsoft Visual Studio Solution File, Format Version 9.00
# Visual Studio 2005
Project("{FAE04EC0-301F-11D3-BF4B-00C04F79EFBC}") = "MyXls", "MyXls\MyXls.csproj", "{38C03298-9CB0-4B20-8764-A7025819D9BB}"
	ProjectSection(WebsiteProperties) = preProject
		Debug.AspNetCompiler.Debug = "True"
		Release.AspNetCompiler.Debug = "False"
	EndProjectSection
EndProject
Project("{FAE04EC0-301F-11D3-BF4B-00C04F79EFBC}") = "TestWeb", "TestWeb\TestWeb.csproj", "{F778A9C9-3F17-4067-96BF-FD36BF8C84F7}"
	ProjectSection(WebsiteProperties) = preProject
		Debug.AspNetCompiler.Debug = "True"
		Release.AspNetCompiler.Debug = "False"
	EndProjectSection
EndProject
Project("{2150E333-8FDC-42A3-9474-1A3956D46DE8}") = "Solution Items", "Solution Items", "{EDD56D48-75EC-47AA-B79D-F9D5F6C6FEB3}"
	ProjectSection(WebsiteProperties) = preProject
		Debug.AspNetCompiler.Debug = "True"
		Release.AspNetCompiler.Debug = "False"
	EndProjectSection
	ProjectSection(SolutionItems) = preProject
		Changelog.htm = Changelog.htm
		Index.htm = Index.htm
		ToDo.htm = ToDo.htm
	EndProjectSection
EndProject
Project("{FAE04EC0-301F-11D3-BF4B-00C04F79EFBC}") = "MyXlsTests", "MyXls Tests\MyXlsTests.csproj", "{83B31176-8D58-4052-BB54-C56E66E40C71}"
	ProjectSection(WebsiteProperties) = preProject
		Debug.AspNetCompiler.Debug = "True"
		Release.AspNetCompiler.Debug = "False"
	EndProjectSection
EndProject
Project("{2150E333-8FDC-42A3-9474-1A3956D46DE8}") = "bin", "bin", "{AFAD05FD-ABF9-4DA8-8C6D-361F28F3BCB7}"
	ProjectSection(WebsiteProperties) = preProject
		Debug.AspNetCompiler.Debug = "True"
		Release.AspNetCompiler.Debug = "False"
	EndProjectSection
	ProjectSection(SolutionItems) = preProject
		bin\nunit.core.dll = bin\nunit.core.dll
		bin\nunit.framework.dll = bin\nunit.framework.dll
	EndProjectSection
EndProject
Project("{FAE04EC0-301F-11D3-BF4B-00C04F79EFBC}") = "TestApp", "TestApp\TestApp.csproj", "{96BBF3C1-FB38-4C13-A75B-9683FC5C8C2E}"
	ProjectSection(WebsiteProperties) = preProject
		Debug.AspNetCompiler.Debug = "True"
		Release.AspNetCompiler.Debug = "False"
	EndProjectSection
EndProject
Global
	GlobalSection(SolutionConfigurationPlatforms) = preSolution
		Debug|Any CPU = Debug|Any CPU
		Release|Any CPU = Release|Any CPU
	EndGlobalSection
	GlobalSection(ProjectConfigurationPlatforms) = postSolution
		{38C03298-9CB0-4B20-8764-A7025819D9BB}.Debug|Any CPU.ActiveCfg = Debug|Any CPU
		{38C03298-9CB0-4B20-8764-A7025819D9BB}.Debug|Any CPU.Build.0 = Debug|Any CPU
		{38C03298-9CB0-4B20-8764-A7025819D9BB}.Release|Any CPU.ActiveCfg = Release|Any CPU
		{38C03298-9CB0-4B20-8764-A7025819D9BB}.Release|Any CPU.Build.0 = Release|Any CPU
		{F778A9C9-3F17-4067-96BF-FD36BF8C84F7}.Debug|Any CPU.ActiveCfg = Debug|Any CPU
		{F778A9C9-3F17-4067-96BF-FD36BF8C84F7}.Debug|Any CPU.Build.0 = Debug|Any CPU
		{F778A9C9-3F17-4067-96BF-FD36BF8C84F7}.Release|Any CPU.ActiveCfg = Release|Any CPU
		{F778A9C9-3F17-4067-96BF-FD36BF8C84F7}.Release|Any CPU.Build.0 = Release|Any CPU
		{83B31176-8D58-4052-BB54-C56E66E40C71}.Debug|Any CPU.ActiveCfg = Debug|Any CPU
		{83B31176-8D58-4052-BB54-C56E66E40C71}.Debug|Any CPU.Build.0 = Debug|Any CPU
		{83B31176-8D58-4052-BB54-C56E66E40C71}.Release|Any CPU.ActiveCfg = Release|Any CPU
		{96BBF3C1-FB38-4C13-A75B-9683FC5C8C2E}.Debug|Any CPU.ActiveCfg = Debug|Any CPU
		{96BBF3C1-FB38-4C13-A75B-9683FC5C8C2E}.Debug|Any CPU.Build.0 = Debug|Any CPU
		{96BBF3C1-FB38-4C13-A75B-9683FC5C8C2E}.Release|Any CPU.ActiveCfg = Release|Any CPU
		{96BBF3C1-FB38-4C13-A75B-9683FC5C8C2E}.Release|Any CPU.Build.0 = Release|Any CPU
	EndGlobalSection
	GlobalSection(SolutionProperties) = preSolution
		HideSolutionNode = FALSE
	EndGlobalSection
EndGlobal
